
Microsoft Visual Studio Solution File, Format Version 12.00
# Visual Studio Version 17
VisualStudioVersion = 17.10.34928.147
MinimumVisualStudioVersion = 10.0.40219.1
Project("{FAE04EC0-301F-11D3-BF4B-00C04F79EFBC}") = "UnlockUser.Server", "UnlockUser.Server\UnlockUser.Server.csproj", "{15F51D7F-BD04-4D83-9EDB-F2CD1C7ADE86}"
EndProject
Project("{54A90642-561A-4BB1-A94E-469ADEE60C69}") = "unlockuser.client", "unlockuser.client\unlockuser.client.esproj", "{ABE94443-7580-426D-847E-36D610A009BE}"
EndProject
Global
	GlobalSection(SolutionConfigurationPlatforms) = preSolution
		Debug|Any CPU = Debug|Any CPU
		Release|Any CPU = Release|Any CPU
	EndGlobalSection
	GlobalSection(ProjectConfigurationPlatforms) = postSolution
		{15F51D7F-BD04-4D83-9EDB-F2CD1C7ADE86}.Debug|Any CPU.ActiveCfg = Debug|Any CPU
		{15F51D7F-BD04-4D83-9EDB-F2CD1C7ADE86}.Debug|Any CPU.Build.0 = Debug|Any CPU
		{15F51D7F-BD04-4D83-9EDB-F2CD1C7ADE86}.Release|Any CPU.ActiveCfg = Release|Any CPU
		{15F51D7F-BD04-4D83-9EDB-F2CD1C7ADE86}.Release|Any CPU.Build.0 = Release|Any CPU
		{ABE94443-7580-426D-847E-36D610A009BE}.Debug|Any CPU.ActiveCfg = Debug|Any CPU
		{ABE94443-7580-426D-847E-36D610A009BE}.Debug|Any CPU.Build.0 = Debug|Any CPU
		{ABE94443-7580-426D-847E-36D610A009BE}.Debug|Any CPU.Deploy.0 = Debug|Any CPU
		{ABE94443-7580-426D-847E-36D610A009BE}.Release|Any CPU.ActiveCfg = Release|Any CPU
		{ABE94443-7580-426D-847E-36D610A009BE}.Release|Any CPU.Build.0 = Release|Any CPU
		{ABE94443-7580-426D-847E-36D610A009BE}.Release|Any CPU.Deploy.0 = Release|Any CPU
	EndGlobalSection
	GlobalSection(SolutionProperties) = preSolution
		HideSolutionNode = FALSE
	EndGlobalSection
	GlobalSection(ExtensibilityGlobals) = postSolution
		SolutionGuid = {937C4A8C-FE2E-4E76-9E90-8EB81A8CD78F}
	EndGlobalSection
EndGlobal
